
Microsoft Visual Studio Solution File, Format Version 12.00
# Visual Studio 15
VisualStudioVersion = 15.0.26430.16
MinimumVisualStudioVersion = 10.0.40219.1
Project("{FAE04EC0-301F-11D3-BF4B-00C04F79EFBC}") = "BotTrainer", "LuisTrainer\BotTrainer.csproj", "{2B45F42F-2A19-4C2D-B512-0EB79747F67A}"
EndProject
Global
	GlobalSection(SolutionConfigurationPlatforms) = preSolution
		Debug|Any CPU = Debug|Any CPU
		Release|Any CPU = Release|Any CPU
	EndGlobalSection
	GlobalSection(ProjectConfigurationPlatforms) = postSolution
		{2B45F42F-2A19-4C2D-B512-0EB79747F67A}.Debug|Any CPU.ActiveCfg = Debug|Any CPU
		{2B45F42F-2A19-4C2D-B512-0EB79747F67A}.Debug|Any CPU.Build.0 = Debug|Any CPU
		{2B45F42F-2A19-4C2D-B512-0EB79747F67A}.Release|Any CPU.ActiveCfg = Release|Any CPU
		{2B45F42F-2A19-4C2D-B512-0EB79747F67A}.Release|Any CPU.Build.0 = Release|Any CPU
	EndGlobalSection
	GlobalSection(SolutionProperties) = preSolution
		HideSolutionNode = FALSE
	EndGlobalSection
EndGlobal
